<?xml version="1.0" encoding="utf-8"?>
<Project ToolsVersion="15.0" xmlns="http://schemas.microsoft.com/developer/msbuild/2003">
  <ItemGroup>
    <CustomBuild Include="C:\Users\gaomi\Desktop\cudpp-test\CMakeFiles\30ffc06c3795395b0c44f9e7b6aaf387\PACKAGE_force.rule">
      <Filter>CMake Rules</Filter>
    </CustomBuild>
  </ItemGroup>
  <ItemGroup>
    <Filter Include="CMake Rules">
      <UniqueIdentifier>{AB9AE4FF-4ABF-3665-BE01-D74B28EA69DD}</UniqueIdentifier>
    </Filter>
  </ItemGroup>
</Project>
